<?xml version="1.0" encoding="utf-8"?>
<Project ToolsVersion="4.0" xmlns="http://schemas.microsoft.com/developer/msbuild/2003">
  <ItemGroup>
    <Filter Include="Source Files">
      <UniqueIdentifier>{4FC737F1-C7A5-4376-A066-2A32D752A2FF}</UniqueIdentifier>
      <Extensions>cpp;c;cc;cxx;def;odl;idl;hpj;bat;asm;asmx</Extensions>
    </Filter>
    <Filter Include="Header Files">
      <UniqueIdentifier>{93995380-89BD-4b04-88EB-625FBE52EBFB}</UniqueIdentifier>
      <Extensions>h;hpp;hxx;hm;inl;inc;xsd</Extensions>
    </Filter>
    <Filter Include="Resource Files">
      <UniqueIdentifier>{67DA6AB6-F800-4c08-8B7A-83BB121AAD01}</UniqueIdentifier>
      <Extensions>rc;ico;cur;bmp;dlg;rc2;rct;bin;rgs;gif;jpg;jpeg;jpe;resx;tiff;tif;png;wav</Extensions>
    </Filter>
  </ItemGroup>
  <ItemGroup>
    <ClCompile Include="strutils.c">
      <Filter>Source Files</Filter>
    </ClCompile>
    <ClCompile Include="dbgprint.c">
      <Filter>Source Files</Filter>
    </ClCompile>
    <ClCompile Include="hrcrtlib.cpp">
      <Filter>Source Files</Filter>
    </ClCompile>
    <ClCompile Include="circfifo.c">
      <Filter>Source Files</Filter>
    </ClCompile>
    <ClCompile Include="krnlcom.c">
      <Filter>Source Files</Filter>
    </ClCompile>
  </ItemGroup>
  <ItemGroup>
    <ClInclude Include="version.h">
      <Filter>Header Files</Filter>
    </ClInclude>
    <ClInclude Include="precomp.h">
      <Filter>Header Files</Filter>
    </ClInclude>
    <ClInclude Include="halt.h">
      <Filter>Header Files</Filter>
    </ClInclude>
    <ClInclude Include="pool.h">
      <Filter>Header Files</Filter>
    </ClInclude>
    <ClInclude Include="strutils.h">
      <Filter>Header Files</Filter>
    </ClInclude>
    <ClInclude Include="reg9054.h">
      <Filter>Header Files</Filter>
    </ClInclude>
    <ClInclude Include="bitsopt.h">
      <Filter>Header Files</Filter>
    </ClInclude>
    <ClInclude Include="dbgprint.h">
      <Filter>Header Files</Filter>
    </ClInclude>
    <ClInclude Include="krnlcom.h">
      <Filter>Header Files</Filter>
    </ClInclude>
    <ClInclude Include="krnlcomtypes.h">
      <Filter>Header Files</Filter>
    </ClInclude>
    <ClInclude Include="krnlcomdefs.h">
      <Filter>Header Files</Filter>
    </ClInclude>
    <ClInclude Include="precisetime.h">
      <Filter>Header Files</Filter>
    </ClInclude>
    <ClInclude Include="hrcrtlib.h">
      <Filter>Header Files</Filter>
    </ClInclude>
    <ClInclude Include="circfifo.h">
      <Filter>Header Files</Filter>
    </ClInclude>
    <ClInclude Include="hrcore.h">
      <Filter>Header Files</Filter>
    </ClInclude>
    <ClInclude Include="hrstddef.h">
      <Filter>Header Files</Filter>
    </ClInclude>
  </ItemGroup>
  <ItemGroup>
    <None Include="makefile.inc">
      <Filter>Header Files</Filter>
    </None>
    <None Include="sources" />
    <None Include="buildex.bat" />
  </ItemGroup>
  <ItemGroup>
    <ResourceCompile Include="krnlcom.rc">
      <Filter>Resource Files</Filter>
    </ResourceCompile>
  </ItemGroup>
</Project>