
Microsoft Visual Studio Solution File, Format Version 10.00
# Visual Studio 2008
Project("{8BC9CEB8-8B4A-11D0-8D11-00A0C91BC942}") = "bcgcbpro", "VC\bcgcbpro\BCGCBPro90.vcproj", "{9DF443FB-9EC0-4511-9262-D9AE2C74F5DD}"
EndProject
Project("{8BC9CEB8-8B4A-11D0-8D11-00A0C91BC942}") = "gridctrl", "VC\gridctrl\GridCtrl90.vcproj", "{5C8AA2B1-1EDC-42FC-9CD0-766690D3F909}"
EndProject
Project("{8BC9CEB8-8B4A-11D0-8D11-00A0C91BC942}") = "encrypt", "VC\encrypt\encrypt90.vcproj", "{0B095544-0F86-4C09-9F79-36D1BA07612A}"
EndProject
Project("{8BC9CEB8-8B4A-11D0-8D11-00A0C91BC942}") = "rmtlib", "VC\rmtlib\rmtlib90.vcproj", "{732F9E77-8408-4AB3-B55F-1E4690B97B0D}"
	ProjectSection(ProjectDependencies) = postProject
		{0B095544-0F86-4C09-9F79-36D1BA07612A} = {0B095544-0F86-4C09-9F79-36D1BA07612A}
	EndProjectSection
EndProject
Project("{8BC9CEB8-8B4A-11D0-8D11-00A0C91BC942}") = "skinctrl", "VC\skinctrl\skinctrl90.vcproj", "{F4BA34D9-F264-4022-84B8-9FEEA1F36BAB}"
EndProject
Project("{8BC9CEB8-8B4A-11D0-8D11-00A0C91BC942}") = "tinyxml", "VC\tinyxml\tinyxml90.vcproj", "{98BC6841-5418-4258-B882-FBFC51A3EA43}"
EndProject
Project("{8BC9CEB8-8B4A-11D0-8D11-00A0C91BC942}") = "vccore", "VC\vccore\vccore90.vcproj", "{9DBA4C27-EA75-46EA-8358-AD70E6CF8EA4}"
EndProject
Project("{2150E333-8FDC-42A3-9474-1A3956D46DE8}") = "Kernel", "Kernel", "{190B5842-5ACD-4F89-B03E-5C78FCBA9264}"
EndProject
Project("{2150E333-8FDC-42A3-9474-1A3956D46DE8}") = "VC", "VC", "{5D63B5BA-2CAE-4DB8-AA12-651833E0E6DA}"
EndProject
Project("{2150E333-8FDC-42A3-9474-1A3956D46DE8}") = "Qt", "Qt", "{82CEDA3C-D6B3-4467-BF72-85EFF0D21EB4}"
EndProject
Project("{8BC9CEB8-8B4A-11D0-8D11-00A0C91BC942}") = "krnlcom", "Kernel\krnlcom\krnlcom90.vcproj", "{98CB7BD3-E5B2-4936-8CD1-336BB859005B}"
EndProject
Project("{8BC9CEB8-8B4A-11D0-8D11-00A0C91BC942}") = "krnlprop", "kernel\krnlprop\krnlprop90.vcproj", "{1F2358E9-2FD5-48D9-A901-C37755C593E0}"
EndProject
Project("{2150E333-8FDC-42A3-9474-1A3956D46DE8}") = "Tool", "Tool", "{1024DE5C-C6D1-40BF-A738-FAA4B44B9BEC}"
EndProject
Project("{8BC9CEB8-8B4A-11D0-8D11-00A0C91BC942}") = "skbuild", "Tool\skbuild\skbuild90.vcproj", "{3C9BA1BA-3A73-48F2-98AD-5F26127D1312}"
EndProject
Global
	GlobalSection(SolutionConfigurationPlatforms) = preSolution
		Debug|Win32 = Debug|Win32
		Debug|x64 = Debug|x64
		objchk_win7_x86|Win32 = objchk_win7_x86|Win32
		objchk_win7_x86|x64 = objchk_win7_x86|x64
		objchk_wxp_x86|Win32 = objchk_wxp_x86|Win32
		objchk_wxp_x86|x64 = objchk_wxp_x86|x64
		objfre_win7_x86|Win32 = objfre_win7_x86|Win32
		objfre_win7_x86|x64 = objfre_win7_x86|x64
		objfre_wxp_x86|Win32 = objfre_wxp_x86|Win32
		objfre_wxp_x86|x64 = objfre_wxp_x86|x64
		Release|Win32 = Release|Win32
		Release|x64 = Release|x64
		Unicode_Debug|Win32 = Unicode_Debug|Win32
		Unicode_Debug|x64 = Unicode_Debug|x64
		Unicode_Release|Win32 = Unicode_Release|Win32
		Unicode_Release|x64 = Unicode_Release|x64
	EndGlobalSection
	GlobalSection(ProjectConfigurationPlatforms) = postSolution
		{9DF443FB-9EC0-4511-9262-D9AE2C74F5DD}.Debug|Win32.ActiveCfg = Debug|Win32
		{9DF443FB-9EC0-4511-9262-D9AE2C74F5DD}.Debug|Win32.Build.0 = Debug|Win32
		{9DF443FB-9EC0-4511-9262-D9AE2C74F5DD}.Debug|x64.ActiveCfg = Debug|x64
		{9DF443FB-9EC0-4511-9262-D9AE2C74F5DD}.Debug|x64.Build.0 = Debug|x64
		{9DF443FB-9EC0-4511-9262-D9AE2C74F5DD}.objchk_win7_x86|Win32.ActiveCfg = Unicode_Release|x64
		{9DF443FB-9EC0-4511-9262-D9AE2C74F5DD}.objchk_win7_x86|x64.ActiveCfg = Unicode_Release|x64
		{9DF443FB-9EC0-4511-9262-D9AE2C74F5DD}.objchk_win7_x86|x64.Build.0 = Unicode_Release|x64
		{9DF443FB-9EC0-4511-9262-D9AE2C74F5DD}.objchk_wxp_x86|Win32.ActiveCfg = Unicode_Release|x64
		{9DF443FB-9EC0-4511-9262-D9AE2C74F5DD}.objchk_wxp_x86|x64.ActiveCfg = Unicode_Release|x64
		{9DF443FB-9EC0-4511-9262-D9AE2C74F5DD}.objchk_wxp_x86|x64.Build.0 = Unicode_Release|x64
		{9DF443FB-9EC0-4511-9262-D9AE2C74F5DD}.objfre_win7_x86|Win32.ActiveCfg = Unicode_Release|x64
		{9DF443FB-9EC0-4511-9262-D9AE2C74F5DD}.objfre_win7_x86|x64.ActiveCfg = Unicode_Release|x64
		{9DF443FB-9EC0-4511-9262-D9AE2C74F5DD}.objfre_win7_x86|x64.Build.0 = Unicode_Release|x64
		{9DF443FB-9EC0-4511-9262-D9AE2C74F5DD}.objfre_wxp_x86|Win32.ActiveCfg = Unicode_Release|x64
		{9DF443FB-9EC0-4511-9262-D9AE2C74F5DD}.objfre_wxp_x86|x64.ActiveCfg = Unicode_Release|x64
		{9DF443FB-9EC0-4511-9262-D9AE2C74F5DD}.objfre_wxp_x86|x64.Build.0 = Unicode_Release|x64
		{9DF443FB-9EC0-4511-9262-D9AE2C74F5DD}.Release|Win32.ActiveCfg = Release|Win32
		{9DF443FB-9EC0-4511-9262-D9AE2C74F5DD}.Release|Win32.Build.0 = Release|Win32
		{9DF443FB-9EC0-4511-9262-D9AE2C74F5DD}.Release|x64.ActiveCfg = Release|x64
		{9DF443FB-9EC0-4511-9262-D9AE2C74F5DD}.Release|x64.Build.0 = Release|x64
		{9DF443FB-9EC0-4511-9262-D9AE2C74F5DD}.Unicode_Debug|Win32.ActiveCfg = Unicode_Debug|Win32
		{9DF443FB-9EC0-4511-9262-D9AE2C74F5DD}.Unicode_Debug|Win32.Build.0 = Unicode_Debug|Win32
		{9DF443FB-9EC0-4511-9262-D9AE2C74F5DD}.Unicode_Debug|x64.ActiveCfg = Unicode_Debug|x64
		{9DF443FB-9EC0-4511-9262-D9AE2C74F5DD}.Unicode_Debug|x64.Build.0 = Unicode_Debug|x64
		{9DF443FB-9EC0-4511-9262-D9AE2C74F5DD}.Unicode_Release|Win32.ActiveCfg = Unicode_Release|Win32
		{9DF443FB-9EC0-4511-9262-D9AE2C74F5DD}.Unicode_Release|Win32.Build.0 = Unicode_Release|Win32
		{9DF443FB-9EC0-4511-9262-D9AE2C74F5DD}.Unicode_Release|x64.ActiveCfg = Unicode_Release|x64
		{9DF443FB-9EC0-4511-9262-D9AE2C74F5DD}.Unicode_Release|x64.Build.0 = Unicode_Release|x64
		{5C8AA2B1-1EDC-42FC-9CD0-766690D3F909}.Debug|Win32.ActiveCfg = Debug|Win32
		{5C8AA2B1-1EDC-42FC-9CD0-766690D3F909}.Debug|Win32.Build.0 = Debug|Win32
		{5C8AA2B1-1EDC-42FC-9CD0-766690D3F909}.Debug|x64.ActiveCfg = Debug|Win32
		{5C8AA2B1-1EDC-42FC-9CD0-766690D3F909}.objchk_win7_x86|Win32.ActiveCfg = Release|Win32
		{5C8AA2B1-1EDC-42FC-9CD0-766690D3F909}.objchk_win7_x86|Win32.Build.0 = Release|Win32
		{5C8AA2B1-1EDC-42FC-9CD0-766690D3F909}.objchk_win7_x86|x64.ActiveCfg = Release|Win32
		{5C8AA2B1-1EDC-42FC-9CD0-766690D3F909}.objchk_wxp_x86|Win32.ActiveCfg = Release|Win32
		{5C8AA2B1-1EDC-42FC-9CD0-766690D3F909}.objchk_wxp_x86|Win32.Build.0 = Release|Win32
		{5C8AA2B1-1EDC-42FC-9CD0-766690D3F909}.objchk_wxp_x86|x64.ActiveCfg = Release|Win32
		{5C8AA2B1-1EDC-42FC-9CD0-766690D3F909}.objfre_win7_x86|Win32.ActiveCfg = Release|Win32
		{5C8AA2B1-1EDC-42FC-9CD0-766690D3F909}.objfre_win7_x86|Win32.Build.0 = Release|Win32
		{5C8AA2B1-1EDC-42FC-9CD0-766690D3F909}.objfre_win7_x86|x64.ActiveCfg = Release|Win32
		{5C8AA2B1-1EDC-42FC-9CD0-766690D3F909}.objfre_wxp_x86|Win32.ActiveCfg = Release|Win32
		{5C8AA2B1-1EDC-42FC-9CD0-766690D3F909}.objfre_wxp_x86|Win32.Build.0 = Release|Win32
		{5C8AA2B1-1EDC-42FC-9CD0-766690D3F909}.objfre_wxp_x86|x64.ActiveCfg = Release|Win32
		{5C8AA2B1-1EDC-42FC-9CD0-766690D3F909}.Release|Win32.ActiveCfg = Release|Win32
		{5C8AA2B1-1EDC-42FC-9CD0-766690D3F909}.Release|Win32.Build.0 = Release|Win32
		{5C8AA2B1-1EDC-42FC-9CD0-766690D3F909}.Release|x64.ActiveCfg = Release|Win32
		{5C8AA2B1-1EDC-42FC-9CD0-766690D3F909}.Unicode_Debug|Win32.ActiveCfg = Unicode_Debug|Win32
		{5C8AA2B1-1EDC-42FC-9CD0-766690D3F909}.Unicode_Debug|Win32.Build.0 = Unicode_Debug|Win32
		{5C8AA2B1-1EDC-42FC-9CD0-766690D3F909}.Unicode_Debug|x64.ActiveCfg = Debug|Win32
		{5C8AA2B1-1EDC-42FC-9CD0-766690D3F909}.Unicode_Release|Win32.ActiveCfg = Unicode_Release|Win32
		{5C8AA2B1-1EDC-42FC-9CD0-766690D3F909}.Unicode_Release|Win32.Build.0 = Unicode_Release|Win32
		{5C8AA2B1-1EDC-42FC-9CD0-766690D3F909}.Unicode_Release|x64.ActiveCfg = Release|Win32
		{0B095544-0F86-4C09-9F79-36D1BA07612A}.Debug|Win32.ActiveCfg = Debug|Win32
		{0B095544-0F86-4C09-9F79-36D1BA07612A}.Debug|Win32.Build.0 = Debug|Win32
		{0B095544-0F86-4C09-9F79-36D1BA07612A}.Debug|x64.ActiveCfg = Debug|Win32
		{0B095544-0F86-4C09-9F79-36D1BA07612A}.objchk_win7_x86|Win32.ActiveCfg = Release|Win32
		{0B095544-0F86-4C09-9F79-36D1BA07612A}.objchk_win7_x86|Win32.Build.0 = Release|Win32
		{0B095544-0F86-4C09-9F79-36D1BA07612A}.objchk_win7_x86|x64.ActiveCfg = Release|Win32
		{0B095544-0F86-4C09-9F79-36D1BA07612A}.objchk_wxp_x86|Win32.ActiveCfg = Release|Win32
		{0B095544-0F86-4C09-9F79-36D1BA07612A}.objchk_wxp_x86|Win32.Build.0 = Release|Win32
		{0B095544-0F86-4C09-9F79-36D1BA07612A}.objchk_wxp_x86|x64.ActiveCfg = Release|Win32
		{0B095544-0F86-4C09-9F79-36D1BA07612A}.objfre_win7_x86|Win32.ActiveCfg = Release|Win32
		{0B095544-0F86-4C09-9F79-36D1BA07612A}.objfre_win7_x86|Win32.Build.0 = Release|Win32
		{0B095544-0F86-4C09-9F79-36D1BA07612A}.objfre_win7_x86|x64.ActiveCfg = Release|Win32
		{0B095544-0F86-4C09-9F79-36D1BA07612A}.objfre_wxp_x86|Win32.ActiveCfg = Release|Win32
		{0B095544-0F86-4C09-9F79-36D1BA07612A}.objfre_wxp_x86|Win32.Build.0 = Release|Win32
		{0B095544-0F86-4C09-9F79-36D1BA07612A}.objfre_wxp_x86|x64.ActiveCfg = Release|Win32
		{0B095544-0F86-4C09-9F79-36D1BA07612A}.Release|Win32.ActiveCfg = Release|Win32
		{0B095544-0F86-4C09-9F79-36D1BA07612A}.Release|Win32.Build.0 = Release|Win32
		{0B095544-0F86-4C09-9F79-36D1BA07612A}.Release|x64.ActiveCfg = Release|Win32
		{0B095544-0F86-4C09-9F79-36D1BA07612A}.Unicode_Debug|Win32.ActiveCfg = Unicode_Debug|Win32
		{0B095544-0F86-4C09-9F79-36D1BA07612A}.Unicode_Debug|Win32.Build.0 = Unicode_Debug|Win32
		{0B095544-0F86-4C09-9F79-36D1BA07612A}.Unicode_Debug|x64.ActiveCfg = Debug|Win32
		{0B095544-0F86-4C09-9F79-36D1BA07612A}.Unicode_Release|Win32.ActiveCfg = Unicode_Release|Win32
		{0B095544-0F86-4C09-9F79-36D1BA07612A}.Unicode_Release|Win32.Build.0 = Unicode_Release|Win32
		{0B095544-0F86-4C09-9F79-36D1BA07612A}.Unicode_Release|x64.ActiveCfg = Release|Win32
		{732F9E77-8408-4AB3-B55F-1E4690B97B0D}.Debug|Win32.ActiveCfg = Debug|Win32
		{732F9E77-8408-4AB3-B55F-1E4690B97B0D}.Debug|Win32.Build.0 = Debug|Win32
		{732F9E77-8408-4AB3-B55F-1E4690B97B0D}.Debug|x64.ActiveCfg = Debug|Win32
		{732F9E77-8408-4AB3-B55F-1E4690B97B0D}.objchk_win7_x86|Win32.ActiveCfg = Release|Win32
		{732F9E77-8408-4AB3-B55F-1E4690B97B0D}.objchk_win7_x86|Win32.Build.0 = Release|Win32
		{732F9E77-8408-4AB3-B55F-1E4690B97B0D}.objchk_win7_x86|x64.ActiveCfg = Release|Win32
		{732F9E77-8408-4AB3-B55F-1E4690B97B0D}.objchk_wxp_x86|Win32.ActiveCfg = Release|Win32
		{732F9E77-8408-4AB3-B55F-1E4690B97B0D}.objchk_wxp_x86|Win32.Build.0 = Release|Win32
		{732F9E77-8408-4AB3-B55F-1E4690B97B0D}.objchk_wxp_x86|x64.ActiveCfg = Release|Win32
		{732F9E77-8408-4AB3-B55F-1E4690B97B0D}.objfre_win7_x86|Win32.ActiveCfg = Release|Win32
		{732F9E77-8408-4AB3-B55F-1E4690B97B0D}.objfre_win7_x86|Win32.Build.0 = Release|Win32
		{732F9E77-8408-4AB3-B55F-1E4690B97B0D}.objfre_win7_x86|x64.ActiveCfg = Release|Win32
		{732F9E77-8408-4AB3-B55F-1E4690B97B0D}.objfre_wxp_x86|Win32.ActiveCfg = Release|Win32
		{732F9E77-8408-4AB3-B55F-1E4690B97B0D}.objfre_wxp_x86|Win32.Build.0 = Release|Win32
		{732F9E77-8408-4AB3-B55F-1E4690B97B0D}.objfre_wxp_x86|x64.ActiveCfg = Release|Win32
		{732F9E77-8408-4AB3-B55F-1E4690B97B0D}.Release|Win32.ActiveCfg = Release|Win32
		{732F9E77-8408-4AB3-B55F-1E4690B97B0D}.Release|Win32.Build.0 = Release|Win32
		{732F9E77-8408-4AB3-B55F-1E4690B97B0D}.Release|x64.ActiveCfg = Release|Win32
		{732F9E77-8408-4AB3-B55F-1E4690B97B0D}.Unicode_Debug|Win32.ActiveCfg = Unicode_Debug|Win32
		{732F9E77-8408-4AB3-B55F-1E4690B97B0D}.Unicode_Debug|Win32.Build.0 = Unicode_Debug|Win32
		{732F9E77-8408-4AB3-B55F-1E4690B97B0D}.Unicode_Debug|x64.ActiveCfg = Debug|Win32
		{732F9E77-8408-4AB3-B55F-1E4690B97B0D}.Unicode_Release|Win32.ActiveCfg = Unicode_Release|Win32
		{732F9E77-8408-4AB3-B55F-1E4690B97B0D}.Unicode_Release|Win32.Build.0 = Unicode_Release|Win32
		{732F9E77-8408-4AB3-B55F-1E4690B97B0D}.Unicode_Release|x64.ActiveCfg = Release|Win32
		{F4BA34D9-F264-4022-84B8-9FEEA1F36BAB}.Debug|Win32.ActiveCfg = Debug|Win32
		{F4BA34D9-F264-4022-84B8-9FEEA1F36BAB}.Debug|Win32.Build.0 = Debug|Win32
		{F4BA34D9-F264-4022-84B8-9FEEA1F36BAB}.Debug|x64.ActiveCfg = Unicode_Release|Win32
		{F4BA34D9-F264-4022-84B8-9FEEA1F36BAB}.objchk_win7_x86|Win32.ActiveCfg = Unicode_Release|Win32
		{F4BA34D9-F264-4022-84B8-9FEEA1F36BAB}.objchk_win7_x86|Win32.Build.0 = Unicode_Release|Win32
		{F4BA34D9-F264-4022-84B8-9FEEA1F36BAB}.objchk_win7_x86|x64.ActiveCfg = Unicode_Release|Win32
		{F4BA34D9-F264-4022-84B8-9FEEA1F36BAB}.objchk_wxp_x86|Win32.ActiveCfg = Unicode_Release|Win32
		{F4BA34D9-F264-4022-84B8-9FEEA1F36BAB}.objchk_wxp_x86|Win32.Build.0 = Unicode_Release|Win32
		{F4BA34D9-F264-4022-84B8-9FEEA1F36BAB}.objchk_wxp_x86|x64.ActiveCfg = Unicode_Release|Win32
		{F4BA34D9-F264-4022-84B8-9FEEA1F36BAB}.objfre_win7_x86|Win32.ActiveCfg = Unicode_Release|Win32
		{F4BA34D9-F264-4022-84B8-9FEEA1F36BAB}.objfre_win7_x86|Win32.Build.0 = Unicode_Release|Win32
		{F4BA34D9-F264-4022-84B8-9FEEA1F36BAB}.objfre_win7_x86|x64.ActiveCfg = Unicode_Release|Win32
		{F4BA34D9-F264-4022-84B8-9FEEA1F36BAB}.objfre_wxp_x86|Win32.ActiveCfg = Unicode_Release|Win32
		{F4BA34D9-F264-4022-84B8-9FEEA1F36BAB}.objfre_wxp_x86|Win32.Build.0 = Unicode_Release|Win32
		{F4BA34D9-F264-4022-84B8-9FEEA1F36BAB}.objfre_wxp_x86|x64.ActiveCfg = Unicode_Release|Win32
		{F4BA34D9-F264-4022-84B8-9FEEA1F36BAB}.Release|Win32.ActiveCfg = Release|Win32
		{F4BA34D9-F264-4022-84B8-9FEEA1F36BAB}.Release|Win32.Build.0 = Release|Win32
		{F4BA34D9-F264-4022-84B8-9FEEA1F36BAB}.Release|x64.ActiveCfg = Unicode_Release|Win32
		{F4BA34D9-F264-4022-84B8-9FEEA1F36BAB}.Unicode_Debug|Win32.ActiveCfg = Unicode_Debug|Win32
		{F4BA34D9-F264-4022-84B8-9FEEA1F36BAB}.Unicode_Debug|Win32.Build.0 = Unicode_Debug|Win32
		{F4BA34D9-F264-4022-84B8-9FEEA1F36BAB}.Unicode_Debug|x64.ActiveCfg = Unicode_Debug|Win32
		{F4BA34D9-F264-4022-84B8-9FEEA1F36BAB}.Unicode_Release|Win32.ActiveCfg = Unicode_Release|Win32
		{F4BA34D9-F264-4022-84B8-9FEEA1F36BAB}.Unicode_Release|Win32.Build.0 = Unicode_Release|Win32
		{F4BA34D9-F264-4022-84B8-9FEEA1F36BAB}.Unicode_Release|x64.ActiveCfg = Unicode_Release|Win32
		{98BC6841-5418-4258-B882-FBFC51A3EA43}.Debug|Win32.ActiveCfg = Debug|Win32
		{98BC6841-5418-4258-B882-FBFC51A3EA43}.Debug|Win32.Build.0 = Debug|Win32
		{98BC6841-5418-4258-B882-FBFC51A3EA43}.Debug|x64.ActiveCfg = Debug|Win32
		{98BC6841-5418-4258-B882-FBFC51A3EA43}.objchk_win7_x86|Win32.ActiveCfg = Release|Win32
		{98BC6841-5418-4258-B882-FBFC51A3EA43}.objchk_win7_x86|Win32.Build.0 = Release|Win32
		{98BC6841-5418-4258-B882-FBFC51A3EA43}.objchk_win7_x86|x64.ActiveCfg = Release|Win32
		{98BC6841-5418-4258-B882-FBFC51A3EA43}.objchk_wxp_x86|Win32.ActiveCfg = Release|Win32
		{98BC6841-5418-4258-B882-FBFC51A3EA43}.objchk_wxp_x86|Win32.Build.0 = Release|Win32
		{98BC6841-5418-4258-B882-FBFC51A3EA43}.objchk_wxp_x86|x64.ActiveCfg = Release|Win32
		{98BC6841-5418-4258-B882-FBFC51A3EA43}.objfre_win7_x86|Win32.ActiveCfg = Release|Win32
		{98BC6841-5418-4258-B882-FBFC51A3EA43}.objfre_win7_x86|Win32.Build.0 = Release|Win32
		{98BC6841-5418-4258-B882-FBFC51A3EA43}.objfre_win7_x86|x64.ActiveCfg = Release|Win32
		{98BC6841-5418-4258-B882-FBFC51A3EA43}.objfre_wxp_x86|Win32.ActiveCfg = Release|Win32
		{98BC6841-5418-4258-B882-FBFC51A3EA43}.objfre_wxp_x86|Win32.Build.0 = Release|Win32
		{98BC6841-5418-4258-B882-FBFC51A3EA43}.objfre_wxp_x86|x64.ActiveCfg = Release|Win32
		{98BC6841-5418-4258-B882-FBFC51A3EA43}.Release|Win32.ActiveCfg = Release|Win32
		{98BC6841-5418-4258-B882-FBFC51A3EA43}.Release|Win32.Build.0 = Release|Win32
		{98BC6841-5418-4258-B882-FBFC51A3EA43}.Release|x64.ActiveCfg = Release|Win32
		{98BC6841-5418-4258-B882-FBFC51A3EA43}.Unicode_Debug|Win32.ActiveCfg = Debug|Win32
		{98BC6841-5418-4258-B882-FBFC51A3EA43}.Unicode_Debug|Win32.Build.0 = Debug|Win32
		{98BC6841-5418-4258-B882-FBFC51A3EA43}.Unicode_Debug|x64.ActiveCfg = Debug|Win32
		{98BC6841-5418-4258-B882-FBFC51A3EA43}.Unicode_Release|Win32.ActiveCfg = Release|Win32
		{98BC6841-5418-4258-B882-FBFC51A3EA43}.Unicode_Release|Win32.Build.0 = Release|Win32
		{98BC6841-5418-4258-B882-FBFC51A3EA43}.Unicode_Release|x64.ActiveCfg = Release|Win32
		{9DBA4C27-EA75-46EA-8358-AD70E6CF8EA4}.Debug|Win32.ActiveCfg = Debug|Win32
		{9DBA4C27-EA75-46EA-8358-AD70E6CF8EA4}.Debug|Win32.Build.0 = Debug|Win32
		{9DBA4C27-EA75-46EA-8358-AD70E6CF8EA4}.Debug|x64.ActiveCfg = Debug|Win32
		{9DBA4C27-EA75-46EA-8358-AD70E6CF8EA4}.objchk_win7_x86|Win32.ActiveCfg = Release|Win32
		{9DBA4C27-EA75-46EA-8358-AD70E6CF8EA4}.objchk_win7_x86|Win32.Build.0 = Release|Win32
		{9DBA4C27-EA75-46EA-8358-AD70E6CF8EA4}.objchk_win7_x86|x64.ActiveCfg = Release|Win32
		{9DBA4C27-EA75-46EA-8358-AD70E6CF8EA4}.objchk_wxp_x86|Win32.ActiveCfg = Release|Win32
		{9DBA4C27-EA75-46EA-8358-AD70E6CF8EA4}.objchk_wxp_x86|Win32.Build.0 = Release|Win32
		{9DBA4C27-EA75-46EA-8358-AD70E6CF8EA4}.objchk_wxp_x86|x64.ActiveCfg = Release|Win32
		{9DBA4C27-EA75-46EA-8358-AD70E6CF8EA4}.objfre_win7_x86|Win32.ActiveCfg = Release|Win32
		{9DBA4C27-EA75-46EA-8358-AD70E6CF8EA4}.objfre_win7_x86|Win32.Build.0 = Release|Win32
		{9DBA4C27-EA75-46EA-8358-AD70E6CF8EA4}.objfre_win7_x86|x64.ActiveCfg = Release|Win32
		{9DBA4C27-EA75-46EA-8358-AD70E6CF8EA4}.objfre_wxp_x86|Win32.ActiveCfg = Release|Win32
		{9DBA4C27-EA75-46EA-8358-AD70E6CF8EA4}.objfre_wxp_x86|Win32.Build.0 = Release|Win32
		{9DBA4C27-EA75-46EA-8358-AD70E6CF8EA4}.objfre_wxp_x86|x64.ActiveCfg = Release|Win32
		{9DBA4C27-EA75-46EA-8358-AD70E6CF8EA4}.Release|Win32.ActiveCfg = Release|Win32
		{9DBA4C27-EA75-46EA-8358-AD70E6CF8EA4}.Release|Win32.Build.0 = Release|Win32
		{9DBA4C27-EA75-46EA-8358-AD70E6CF8EA4}.Release|x64.ActiveCfg = Release|Win32
		{9DBA4C27-EA75-46EA-8358-AD70E6CF8EA4}.Unicode_Debug|Win32.ActiveCfg = Unicode_Debug|Win32
		{9DBA4C27-EA75-46EA-8358-AD70E6CF8EA4}.Unicode_Debug|Win32.Build.0 = Unicode_Debug|Win32
		{9DBA4C27-EA75-46EA-8358-AD70E6CF8EA4}.Unicode_Debug|x64.ActiveCfg = Debug|Win32
		{9DBA4C27-EA75-46EA-8358-AD70E6CF8EA4}.Unicode_Release|Win32.ActiveCfg = Unicode_Release|Win32
		{9DBA4C27-EA75-46EA-8358-AD70E6CF8EA4}.Unicode_Release|Win32.Build.0 = Unicode_Release|Win32
		{9DBA4C27-EA75-46EA-8358-AD70E6CF8EA4}.Unicode_Release|x64.ActiveCfg = Release|Win32
		{98CB7BD3-E5B2-4936-8CD1-336BB859005B}.Debug|Win32.ActiveCfg = objchk_wxp_x86|Win32
		{98CB7BD3-E5B2-4936-8CD1-336BB859005B}.Debug|Win32.Build.0 = objchk_wxp_x86|Win32
		{98CB7BD3-E5B2-4936-8CD1-336BB859005B}.Debug|x64.ActiveCfg = objfre_win7_x86|Win32
		{98CB7BD3-E5B2-4936-8CD1-336BB859005B}.objchk_win7_x86|Win32.ActiveCfg = objchk_win7_x86|Win32
		{98CB7BD3-E5B2-4936-8CD1-336BB859005B}.objchk_win7_x86|Win32.Build.0 = objchk_win7_x86|Win32
		{98CB7BD3-E5B2-4936-8CD1-336BB859005B}.objchk_win7_x86|x64.ActiveCfg = objchk_win7_x86|Win32
		{98CB7BD3-E5B2-4936-8CD1-336BB859005B}.objchk_wxp_x86|Win32.ActiveCfg = objchk_wxp_x86|Win32
		{98CB7BD3-E5B2-4936-8CD1-336BB859005B}.objchk_wxp_x86|Win32.Build.0 = objchk_wxp_x86|Win32
		{98CB7BD3-E5B2-4936-8CD1-336BB859005B}.objchk_wxp_x86|x64.ActiveCfg = objchk_wxp_x86|Win32
		{98CB7BD3-E5B2-4936-8CD1-336BB859005B}.objfre_win7_x86|Win32.ActiveCfg = objfre_win7_x86|Win32
		{98CB7BD3-E5B2-4936-8CD1-336BB859005B}.objfre_win7_x86|Win32.Build.0 = objfre_win7_x86|Win32
		{98CB7BD3-E5B2-4936-8CD1-336BB859005B}.objfre_win7_x86|x64.ActiveCfg = objfre_win7_x86|Win32
		{98CB7BD3-E5B2-4936-8CD1-336BB859005B}.objfre_wxp_x86|Win32.ActiveCfg = objfre_wxp_x86|Win32
		{98CB7BD3-E5B2-4936-8CD1-336BB859005B}.objfre_wxp_x86|Win32.Build.0 = objfre_wxp_x86|Win32
		{98CB7BD3-E5B2-4936-8CD1-336BB859005B}.objfre_wxp_x86|x64.ActiveCfg = objfre_wxp_x86|Win32
		{98CB7BD3-E5B2-4936-8CD1-336BB859005B}.Release|Win32.ActiveCfg = objfre_wxp_x86|Win32
		{98CB7BD3-E5B2-4936-8CD1-336BB859005B}.Release|Win32.Build.0 = objfre_wxp_x86|Win32
		{98CB7BD3-E5B2-4936-8CD1-336BB859005B}.Release|x64.ActiveCfg = objfre_win7_x86|Win32
		{98CB7BD3-E5B2-4936-8CD1-336BB859005B}.Unicode_Debug|Win32.ActiveCfg = objchk_wxp_x86|Win32
		{98CB7BD3-E5B2-4936-8CD1-336BB859005B}.Unicode_Debug|Win32.Build.0 = objchk_wxp_x86|Win32
		{98CB7BD3-E5B2-4936-8CD1-336BB859005B}.Unicode_Debug|x64.ActiveCfg = objfre_win7_x86|Win32
		{98CB7BD3-E5B2-4936-8CD1-336BB859005B}.Unicode_Release|Win32.ActiveCfg = objfre_wxp_x86|Win32
		{98CB7BD3-E5B2-4936-8CD1-336BB859005B}.Unicode_Release|Win32.Build.0 = objfre_wxp_x86|Win32
		{98CB7BD3-E5B2-4936-8CD1-336BB859005B}.Unicode_Release|x64.ActiveCfg = objfre_win7_x86|Win32
		{1F2358E9-2FD5-48D9-A901-C37755C593E0}.Debug|Win32.ActiveCfg = Debug|Win32
		{1F2358E9-2FD5-48D9-A901-C37755C593E0}.Debug|Win32.Build.0 = Debug|Win32
		{1F2358E9-2FD5-48D9-A901-C37755C593E0}.Debug|x64.ActiveCfg = Debug|Win32
		{1F2358E9-2FD5-48D9-A901-C37755C593E0}.objchk_win7_x86|Win32.ActiveCfg = Release|Win32
		{1F2358E9-2FD5-48D9-A901-C37755C593E0}.objchk_win7_x86|Win32.Build.0 = Release|Win32
		{1F2358E9-2FD5-48D9-A901-C37755C593E0}.objchk_win7_x86|x64.ActiveCfg = Release|Win32
		{1F2358E9-2FD5-48D9-A901-C37755C593E0}.objchk_wxp_x86|Win32.ActiveCfg = Release|Win32
		{1F2358E9-2FD5-48D9-A901-C37755C593E0}.objchk_wxp_x86|Win32.Build.0 = Release|Win32
		{1F2358E9-2FD5-48D9-A901-C37755C593E0}.objchk_wxp_x86|x64.ActiveCfg = Release|Win32
		{1F2358E9-2FD5-48D9-A901-C37755C593E0}.objfre_win7_x86|Win32.ActiveCfg = Release|Win32
		{1F2358E9-2FD5-48D9-A901-C37755C593E0}.objfre_win7_x86|Win32.Build.0 = Release|Win32
		{1F2358E9-2FD5-48D9-A901-C37755C593E0}.objfre_win7_x86|x64.ActiveCfg = Release|Win32
		{1F2358E9-2FD5-48D9-A901-C37755C593E0}.objfre_wxp_x86|Win32.ActiveCfg = Release|Win32
		{1F2358E9-2FD5-48D9-A901-C37755C593E0}.objfre_wxp_x86|Win32.Build.0 = Release|Win32
		{1F2358E9-2FD5-48D9-A901-C37755C593E0}.objfre_wxp_x86|x64.ActiveCfg = Release|Win32
		{1F2358E9-2FD5-48D9-A901-C37755C593E0}.Release|Win32.ActiveCfg = Release|Win32
		{1F2358E9-2FD5-48D9-A901-C37755C593E0}.Release|Win32.Build.0 = Release|Win32
		{1F2358E9-2FD5-48D9-A901-C37755C593E0}.Release|x64.ActiveCfg = Release|Win32
		{1F2358E9-2FD5-48D9-A901-C37755C593E0}.Unicode_Debug|Win32.ActiveCfg = Unicode_Debug|Win32
		{1F2358E9-2FD5-48D9-A901-C37755C593E0}.Unicode_Debug|Win32.Build.0 = Unicode_Debug|Win32
		{1F2358E9-2FD5-48D9-A901-C37755C593E0}.Unicode_Debug|x64.ActiveCfg = Debug|Win32
		{1F2358E9-2FD5-48D9-A901-C37755C593E0}.Unicode_Release|Win32.ActiveCfg = Unicode_Release|Win32
		{1F2358E9-2FD5-48D9-A901-C37755C593E0}.Unicode_Release|Win32.Build.0 = Unicode_Release|Win32
		{1F2358E9-2FD5-48D9-A901-C37755C593E0}.Unicode_Release|x64.ActiveCfg = Release|Win32
		{3C9BA1BA-3A73-48F2-98AD-5F26127D1312}.Debug|Win32.ActiveCfg = Debug|Win32
		{3C9BA1BA-3A73-48F2-98AD-5F26127D1312}.Debug|Win32.Build.0 = Debug|Win32
		{3C9BA1BA-3A73-48F2-98AD-5F26127D1312}.Debug|x64.ActiveCfg = Debug|Win32
		{3C9BA1BA-3A73-48F2-98AD-5F26127D1312}.objchk_win7_x86|Win32.ActiveCfg = Release|Win32
		{3C9BA1BA-3A73-48F2-98AD-5F26127D1312}.objchk_win7_x86|Win32.Build.0 = Release|Win32
		{3C9BA1BA-3A73-48F2-98AD-5F26127D1312}.objchk_win7_x86|x64.ActiveCfg = Release|Win32
		{3C9BA1BA-3A73-48F2-98AD-5F26127D1312}.objchk_wxp_x86|Win32.ActiveCfg = Release|Win32
		{3C9BA1BA-3A73-48F2-98AD-5F26127D1312}.objchk_wxp_x86|Win32.Build.0 = Release|Win32
		{3C9BA1BA-3A73-48F2-98AD-5F26127D1312}.objchk_wxp_x86|x64.ActiveCfg = Release|Win32
		{3C9BA1BA-3A73-48F2-98AD-5F26127D1312}.objfre_win7_x86|Win32.ActiveCfg = Release|Win32
		{3C9BA1BA-3A73-48F2-98AD-5F26127D1312}.objfre_win7_x86|Win32.Build.0 = Release|Win32
		{3C9BA1BA-3A73-48F2-98AD-5F26127D1312}.objfre_win7_x86|x64.ActiveCfg = Release|Win32
		{3C9BA1BA-3A73-48F2-98AD-5F26127D1312}.objfre_wxp_x86|Win32.ActiveCfg = Release|Win32
		{3C9BA1BA-3A73-48F2-98AD-5F26127D1312}.objfre_wxp_x86|Win32.Build.0 = Release|Win32
		{3C9BA1BA-3A73-48F2-98AD-5F26127D1312}.objfre_wxp_x86|x64.ActiveCfg = Release|Win32
		{3C9BA1BA-3A73-48F2-98AD-5F26127D1312}.Release|Win32.ActiveCfg = Release|Win32
		{3C9BA1BA-3A73-48F2-98AD-5F26127D1312}.Release|Win32.Build.0 = Release|Win32
		{3C9BA1BA-3A73-48F2-98AD-5F26127D1312}.Release|x64.ActiveCfg = Release|Win32
		{3C9BA1BA-3A73-48F2-98AD-5F26127D1312}.Unicode_Debug|Win32.ActiveCfg = Debug|Win32
		{3C9BA1BA-3A73-48F2-98AD-5F26127D1312}.Unicode_Debug|Win32.Build.0 = Debug|Win32
		{3C9BA1BA-3A73-48F2-98AD-5F26127D1312}.Unicode_Debug|x64.ActiveCfg = Debug|Win32
		{3C9BA1BA-3A73-48F2-98AD-5F26127D1312}.Unicode_Release|Win32.ActiveCfg = Release|Win32
		{3C9BA1BA-3A73-48F2-98AD-5F26127D1312}.Unicode_Release|Win32.Build.0 = Release|Win32
		{3C9BA1BA-3A73-48F2-98AD-5F26127D1312}.Unicode_Release|x64.ActiveCfg = Release|Win32
	EndGlobalSection
	GlobalSection(SolutionProperties) = preSolution
		HideSolutionNode = FALSE
	EndGlobalSection
	GlobalSection(NestedProjects) = preSolution
		{5C8AA2B1-1EDC-42FC-9CD0-766690D3F909} = {5D63B5BA-2CAE-4DB8-AA12-651833E0E6DA}
		{0B095544-0F86-4C09-9F79-36D1BA07612A} = {5D63B5BA-2CAE-4DB8-AA12-651833E0E6DA}
		{732F9E77-8408-4AB3-B55F-1E4690B97B0D} = {5D63B5BA-2CAE-4DB8-AA12-651833E0E6DA}
		{F4BA34D9-F264-4022-84B8-9FEEA1F36BAB} = {5D63B5BA-2CAE-4DB8-AA12-651833E0E6DA}
		{98BC6841-5418-4258-B882-FBFC51A3EA43} = {5D63B5BA-2CAE-4DB8-AA12-651833E0E6DA}
		{9DBA4C27-EA75-46EA-8358-AD70E6CF8EA4} = {5D63B5BA-2CAE-4DB8-AA12-651833E0E6DA}
		{9DF443FB-9EC0-4511-9262-D9AE2C74F5DD} = {5D63B5BA-2CAE-4DB8-AA12-651833E0E6DA}
		{98CB7BD3-E5B2-4936-8CD1-336BB859005B} = {190B5842-5ACD-4F89-B03E-5C78FCBA9264}
		{1F2358E9-2FD5-48D9-A901-C37755C593E0} = {190B5842-5ACD-4F89-B03E-5C78FCBA9264}
		{3C9BA1BA-3A73-48F2-98AD-5F26127D1312} = {1024DE5C-C6D1-40BF-A738-FAA4B44B9BEC}
	EndGlobalSection
EndGlobal
