
Microsoft Visual Studio Solution File, Format Version 12.00
# Visual Studio 2013
VisualStudioVersion = 12.0.30110.0
MinimumVisualStudioVersion = 10.0.40219.1
Project("{8BC9CEB8-8B4A-11D0-8D11-00A0C91BC942}") = "bcgcbpro", "VC\bcgcbpro\BCGCBPro120.vcxproj", "{9DF443FB-9EC0-4511-9262-D9AE2C74F5DD}"
EndProject
Project("{8BC9CEB8-8B4A-11D0-8D11-00A0C91BC942}") = "rmtlib", "VC\rmtlib\rmtlib120.vcxproj", "{732F9E77-8408-4AB3-B55F-1E4690B97B0D}"
EndProject
Project("{8BC9CEB8-8B4A-11D0-8D11-00A0C91BC942}") = "skinctrl", "VC\skinctrl\skinctrl120.vcxproj", "{F4BA34D9-F264-4022-84B8-9FEEA1F36BAB}"
EndProject
Project("{8BC9CEB8-8B4A-11D0-8D11-00A0C91BC942}") = "encrypt", "VC\encrypt\encrypt120.vcxproj", "{0B095544-0F86-4C09-9F79-36D1BA07612A}"
EndProject
Project("{8BC9CEB8-8B4A-11D0-8D11-00A0C91BC942}") = "gridctrl", "VC\gridctrl\GridCtrl120.vcxproj", "{5C8AA2B1-1EDC-42FC-9CD0-766690D3F909}"
EndProject
Project("{8BC9CEB8-8B4A-11D0-8D11-00A0C91BC942}") = "tinyxml", "VC\tinyxml\tinyxml120.vcxproj", "{98BC6841-5418-4258-B882-FBFC51A3EA43}"
EndProject
Project("{8BC9CEB8-8B4A-11D0-8D11-00A0C91BC942}") = "vccore", "VC\vccore\vccore120.vcxproj", "{D714B6D8-A87E-4170-A3F5-FA2EE9010560}"
EndProject
Project("{2150E333-8FDC-42A3-9474-1A3956D46DE8}") = "Kernel", "Kernel", "{50301911-3F41-4C5F-A816-952CA5617CC7}"
EndProject
Project("{2150E333-8FDC-42A3-9474-1A3956D46DE8}") = "VC", "VC", "{8D3C498E-F8DD-4E03-A412-EEE59D6F786F}"
EndProject
Project("{2150E333-8FDC-42A3-9474-1A3956D46DE8}") = "Qt", "Qt", "{7DB70649-E780-4B89-BEF2-A09545BCDFD2}"
EndProject
Project("{8BC9CEB8-8B4A-11D0-8D11-00A0C91BC942}") = "krnlprop", "Kernel\krnlprop\krnlprop120.vcxproj", "{8227DE1C-341A-4C90-A1F3-EA12ECBB551F}"
EndProject
Project("{8BC9CEB8-8B4A-11D0-8D11-00A0C91BC942}") = "krnlcom", "Kernel\krnlcom\krnlcom120.vcxproj", "{98CB7BD3-E5B2-4936-8CD1-336BB859005B}"
EndProject
Project("{2150E333-8FDC-42A3-9474-1A3956D46DE8}") = "Tool", "Tool", "{E5C3D00A-4194-41BA-9B25-32E55596962D}"
EndProject
Project("{8BC9CEB8-8B4A-11D0-8D11-00A0C91BC942}") = "skbuild", "Tool\skbuild\skbuild120.vcxproj", "{2CAEB7D9-69AC-4A86-B132-D629D0DB5960}"
EndProject
Global
	GlobalSection(SolutionConfigurationPlatforms) = preSolution
		Debug|Win32 = Debug|Win32
		Debug|x64 = Debug|x64
		objchk_win7_x86|Win32 = objchk_win7_x86|Win32
		objchk_win7_x86|x64 = objchk_win7_x86|x64
		objchk_wxp_x86|Win32 = objchk_wxp_x86|Win32
		objchk_wxp_x86|x64 = objchk_wxp_x86|x64
		objfre_win7_x86|Win32 = objfre_win7_x86|Win32
		objfre_win7_x86|x64 = objfre_win7_x86|x64
		objfre_wxp_x86|Win32 = objfre_wxp_x86|Win32
		objfre_wxp_x86|x64 = objfre_wxp_x86|x64
		Release|Win32 = Release|Win32
		Release|x64 = Release|x64
		Unicode_Debug|Win32 = Unicode_Debug|Win32
		Unicode_Debug|x64 = Unicode_Debug|x64
		Unicode_Release|Win32 = Unicode_Release|Win32
		Unicode_Release|x64 = Unicode_Release|x64
	EndGlobalSection
	GlobalSection(ProjectConfigurationPlatforms) = postSolution
		{9DF443FB-9EC0-4511-9262-D9AE2C74F5DD}.Debug|Win32.ActiveCfg = Debug|Win32
		{9DF443FB-9EC0-4511-9262-D9AE2C74F5DD}.Debug|Win32.Build.0 = Debug|Win32
		{9DF443FB-9EC0-4511-9262-D9AE2C74F5DD}.Debug|x64.ActiveCfg = Debug|x64
		{9DF443FB-9EC0-4511-9262-D9AE2C74F5DD}.Debug|x64.Build.0 = Debug|x64
		{9DF443FB-9EC0-4511-9262-D9AE2C74F5DD}.objchk_win7_x86|Win32.ActiveCfg = Unicode_Release|Win32
		{9DF443FB-9EC0-4511-9262-D9AE2C74F5DD}.objchk_win7_x86|x64.ActiveCfg = Unicode_Release|x64
		{9DF443FB-9EC0-4511-9262-D9AE2C74F5DD}.objchk_win7_x86|x64.Build.0 = Unicode_Release|x64
		{9DF443FB-9EC0-4511-9262-D9AE2C74F5DD}.objchk_wxp_x86|Win32.ActiveCfg = Unicode_Release|Win32
		{9DF443FB-9EC0-4511-9262-D9AE2C74F5DD}.objchk_wxp_x86|x64.ActiveCfg = Unicode_Release|x64
		{9DF443FB-9EC0-4511-9262-D9AE2C74F5DD}.objchk_wxp_x86|x64.Build.0 = Unicode_Release|x64
		{9DF443FB-9EC0-4511-9262-D9AE2C74F5DD}.objfre_win7_x86|Win32.ActiveCfg = Unicode_Release|Win32
		{9DF443FB-9EC0-4511-9262-D9AE2C74F5DD}.objfre_win7_x86|x64.ActiveCfg = Unicode_Release|x64
		{9DF443FB-9EC0-4511-9262-D9AE2C74F5DD}.objfre_win7_x86|x64.Build.0 = Unicode_Release|x64
		{9DF443FB-9EC0-4511-9262-D9AE2C74F5DD}.objfre_wxp_x86|Win32.ActiveCfg = Unicode_Release|Win32
		{9DF443FB-9EC0-4511-9262-D9AE2C74F5DD}.objfre_wxp_x86|x64.ActiveCfg = Unicode_Release|x64
		{9DF443FB-9EC0-4511-9262-D9AE2C74F5DD}.objfre_wxp_x86|x64.Build.0 = Unicode_Release|x64
		{9DF443FB-9EC0-4511-9262-D9AE2C74F5DD}.Release|Win32.ActiveCfg = Release|Win32
		{9DF443FB-9EC0-4511-9262-D9AE2C74F5DD}.Release|Win32.Build.0 = Release|Win32
		{9DF443FB-9EC0-4511-9262-D9AE2C74F5DD}.Release|x64.ActiveCfg = Release|x64
		{9DF443FB-9EC0-4511-9262-D9AE2C74F5DD}.Release|x64.Build.0 = Release|x64
		{9DF443FB-9EC0-4511-9262-D9AE2C74F5DD}.Unicode_Debug|Win32.ActiveCfg = Unicode_Debug|Win32
		{9DF443FB-9EC0-4511-9262-D9AE2C74F5DD}.Unicode_Debug|Win32.Build.0 = Unicode_Debug|Win32
		{9DF443FB-9EC0-4511-9262-D9AE2C74F5DD}.Unicode_Debug|x64.ActiveCfg = Unicode_Debug|x64
		{9DF443FB-9EC0-4511-9262-D9AE2C74F5DD}.Unicode_Debug|x64.Build.0 = Unicode_Debug|x64
		{9DF443FB-9EC0-4511-9262-D9AE2C74F5DD}.Unicode_Release|Win32.ActiveCfg = Unicode_Release|Win32
		{9DF443FB-9EC0-4511-9262-D9AE2C74F5DD}.Unicode_Release|Win32.Build.0 = Unicode_Release|Win32
		{9DF443FB-9EC0-4511-9262-D9AE2C74F5DD}.Unicode_Release|x64.ActiveCfg = Unicode_Release|x64
		{9DF443FB-9EC0-4511-9262-D9AE2C74F5DD}.Unicode_Release|x64.Build.0 = Unicode_Release|x64
		{732F9E77-8408-4AB3-B55F-1E4690B97B0D}.Debug|Win32.ActiveCfg = Debug|Win32
		{732F9E77-8408-4AB3-B55F-1E4690B97B0D}.Debug|Win32.Build.0 = Debug|Win32
		{732F9E77-8408-4AB3-B55F-1E4690B97B0D}.Debug|x64.ActiveCfg = Debug|Win32
		{732F9E77-8408-4AB3-B55F-1E4690B97B0D}.objchk_win7_x86|Win32.ActiveCfg = Release|Win32
		{732F9E77-8408-4AB3-B55F-1E4690B97B0D}.objchk_win7_x86|x64.ActiveCfg = Unicode_Release|Win32
		{732F9E77-8408-4AB3-B55F-1E4690B97B0D}.objchk_wxp_x86|Win32.ActiveCfg = Release|Win32
		{732F9E77-8408-4AB3-B55F-1E4690B97B0D}.objchk_wxp_x86|x64.ActiveCfg = Unicode_Release|Win32
		{732F9E77-8408-4AB3-B55F-1E4690B97B0D}.objfre_win7_x86|Win32.ActiveCfg = Release|Win32
		{732F9E77-8408-4AB3-B55F-1E4690B97B0D}.objfre_win7_x86|x64.ActiveCfg = Unicode_Release|Win32
		{732F9E77-8408-4AB3-B55F-1E4690B97B0D}.objfre_wxp_x86|Win32.ActiveCfg = Release|Win32
		{732F9E77-8408-4AB3-B55F-1E4690B97B0D}.objfre_wxp_x86|x64.ActiveCfg = Unicode_Release|Win32
		{732F9E77-8408-4AB3-B55F-1E4690B97B0D}.Release|Win32.ActiveCfg = Release|Win32
		{732F9E77-8408-4AB3-B55F-1E4690B97B0D}.Release|Win32.Build.0 = Release|Win32
		{732F9E77-8408-4AB3-B55F-1E4690B97B0D}.Release|x64.ActiveCfg = Release|Win32
		{732F9E77-8408-4AB3-B55F-1E4690B97B0D}.Unicode_Debug|Win32.ActiveCfg = Unicode_Debug|Win32
		{732F9E77-8408-4AB3-B55F-1E4690B97B0D}.Unicode_Debug|Win32.Build.0 = Unicode_Debug|Win32
		{732F9E77-8408-4AB3-B55F-1E4690B97B0D}.Unicode_Debug|x64.ActiveCfg = Debug|Win32
		{732F9E77-8408-4AB3-B55F-1E4690B97B0D}.Unicode_Release|Win32.ActiveCfg = Unicode_Release|Win32
		{732F9E77-8408-4AB3-B55F-1E4690B97B0D}.Unicode_Release|Win32.Build.0 = Unicode_Release|Win32
		{732F9E77-8408-4AB3-B55F-1E4690B97B0D}.Unicode_Release|x64.ActiveCfg = Release|Win32
		{F4BA34D9-F264-4022-84B8-9FEEA1F36BAB}.Debug|Win32.ActiveCfg = Debug|Win32
		{F4BA34D9-F264-4022-84B8-9FEEA1F36BAB}.Debug|Win32.Build.0 = Debug|Win32
		{F4BA34D9-F264-4022-84B8-9FEEA1F36BAB}.Debug|x64.ActiveCfg = Debug|Win32
		{F4BA34D9-F264-4022-84B8-9FEEA1F36BAB}.objchk_win7_x86|Win32.ActiveCfg = Release|Win32
		{F4BA34D9-F264-4022-84B8-9FEEA1F36BAB}.objchk_win7_x86|x64.ActiveCfg = Unicode_Release|Win32
		{F4BA34D9-F264-4022-84B8-9FEEA1F36BAB}.objchk_wxp_x86|Win32.ActiveCfg = Release|Win32
		{F4BA34D9-F264-4022-84B8-9FEEA1F36BAB}.objchk_wxp_x86|x64.ActiveCfg = Unicode_Release|Win32
		{F4BA34D9-F264-4022-84B8-9FEEA1F36BAB}.objfre_win7_x86|Win32.ActiveCfg = Release|Win32
		{F4BA34D9-F264-4022-84B8-9FEEA1F36BAB}.objfre_win7_x86|x64.ActiveCfg = Unicode_Release|Win32
		{F4BA34D9-F264-4022-84B8-9FEEA1F36BAB}.objfre_wxp_x86|Win32.ActiveCfg = Release|Win32
		{F4BA34D9-F264-4022-84B8-9FEEA1F36BAB}.objfre_wxp_x86|x64.ActiveCfg = Unicode_Release|Win32
		{F4BA34D9-F264-4022-84B8-9FEEA1F36BAB}.Release|Win32.ActiveCfg = Release|Win32
		{F4BA34D9-F264-4022-84B8-9FEEA1F36BAB}.Release|Win32.Build.0 = Release|Win32
		{F4BA34D9-F264-4022-84B8-9FEEA1F36BAB}.Release|x64.ActiveCfg = Release|Win32
		{F4BA34D9-F264-4022-84B8-9FEEA1F36BAB}.Unicode_Debug|Win32.ActiveCfg = Unicode_Debug|Win32
		{F4BA34D9-F264-4022-84B8-9FEEA1F36BAB}.Unicode_Debug|Win32.Build.0 = Unicode_Debug|Win32
		{F4BA34D9-F264-4022-84B8-9FEEA1F36BAB}.Unicode_Debug|x64.ActiveCfg = Debug|Win32
		{F4BA34D9-F264-4022-84B8-9FEEA1F36BAB}.Unicode_Release|Win32.ActiveCfg = Unicode_Release|Win32
		{F4BA34D9-F264-4022-84B8-9FEEA1F36BAB}.Unicode_Release|Win32.Build.0 = Unicode_Release|Win32
		{F4BA34D9-F264-4022-84B8-9FEEA1F36BAB}.Unicode_Release|x64.ActiveCfg = Release|Win32
		{0B095544-0F86-4C09-9F79-36D1BA07612A}.Debug|Win32.ActiveCfg = Debug|Win32
		{0B095544-0F86-4C09-9F79-36D1BA07612A}.Debug|Win32.Build.0 = Debug|Win32
		{0B095544-0F86-4C09-9F79-36D1BA07612A}.Debug|x64.ActiveCfg = Debug|Win32
		{0B095544-0F86-4C09-9F79-36D1BA07612A}.objchk_win7_x86|Win32.ActiveCfg = Release|Win32
		{0B095544-0F86-4C09-9F79-36D1BA07612A}.objchk_win7_x86|x64.ActiveCfg = Unicode_Release|Win32
		{0B095544-0F86-4C09-9F79-36D1BA07612A}.objchk_wxp_x86|Win32.ActiveCfg = Release|Win32
		{0B095544-0F86-4C09-9F79-36D1BA07612A}.objchk_wxp_x86|x64.ActiveCfg = Unicode_Release|Win32
		{0B095544-0F86-4C09-9F79-36D1BA07612A}.objfre_win7_x86|Win32.ActiveCfg = Release|Win32
		{0B095544-0F86-4C09-9F79-36D1BA07612A}.objfre_win7_x86|x64.ActiveCfg = Unicode_Release|Win32
		{0B095544-0F86-4C09-9F79-36D1BA07612A}.objfre_wxp_x86|Win32.ActiveCfg = Release|Win32
		{0B095544-0F86-4C09-9F79-36D1BA07612A}.objfre_wxp_x86|x64.ActiveCfg = Unicode_Release|Win32
		{0B095544-0F86-4C09-9F79-36D1BA07612A}.Release|Win32.ActiveCfg = Release|Win32
		{0B095544-0F86-4C09-9F79-36D1BA07612A}.Release|Win32.Build.0 = Release|Win32
		{0B095544-0F86-4C09-9F79-36D1BA07612A}.Release|x64.ActiveCfg = Release|Win32
		{0B095544-0F86-4C09-9F79-36D1BA07612A}.Unicode_Debug|Win32.ActiveCfg = Unicode_Debug|Win32
		{0B095544-0F86-4C09-9F79-36D1BA07612A}.Unicode_Debug|Win32.Build.0 = Unicode_Debug|Win32
		{0B095544-0F86-4C09-9F79-36D1BA07612A}.Unicode_Debug|x64.ActiveCfg = Debug|Win32
		{0B095544-0F86-4C09-9F79-36D1BA07612A}.Unicode_Release|Win32.ActiveCfg = Unicode_Release|Win32
		{0B095544-0F86-4C09-9F79-36D1BA07612A}.Unicode_Release|Win32.Build.0 = Unicode_Release|Win32
		{0B095544-0F86-4C09-9F79-36D1BA07612A}.Unicode_Release|x64.ActiveCfg = Release|Win32
		{5C8AA2B1-1EDC-42FC-9CD0-766690D3F909}.Debug|Win32.ActiveCfg = Debug|Win32
		{5C8AA2B1-1EDC-42FC-9CD0-766690D3F909}.Debug|Win32.Build.0 = Debug|Win32
		{5C8AA2B1-1EDC-42FC-9CD0-766690D3F909}.Debug|x64.ActiveCfg = Debug|Win32
		{5C8AA2B1-1EDC-42FC-9CD0-766690D3F909}.objchk_win7_x86|Win32.ActiveCfg = Release|Win32
		{5C8AA2B1-1EDC-42FC-9CD0-766690D3F909}.objchk_win7_x86|x64.ActiveCfg = Unicode_Release|Win32
		{5C8AA2B1-1EDC-42FC-9CD0-766690D3F909}.objchk_wxp_x86|Win32.ActiveCfg = Release|Win32
		{5C8AA2B1-1EDC-42FC-9CD0-766690D3F909}.objchk_wxp_x86|x64.ActiveCfg = Unicode_Release|Win32
		{5C8AA2B1-1EDC-42FC-9CD0-766690D3F909}.objfre_win7_x86|Win32.ActiveCfg = Release|Win32
		{5C8AA2B1-1EDC-42FC-9CD0-766690D3F909}.objfre_win7_x86|x64.ActiveCfg = Unicode_Release|Win32
		{5C8AA2B1-1EDC-42FC-9CD0-766690D3F909}.objfre_wxp_x86|Win32.ActiveCfg = Release|Win32
		{5C8AA2B1-1EDC-42FC-9CD0-766690D3F909}.objfre_wxp_x86|x64.ActiveCfg = Unicode_Release|Win32
		{5C8AA2B1-1EDC-42FC-9CD0-766690D3F909}.Release|Win32.ActiveCfg = Release|Win32
		{5C8AA2B1-1EDC-42FC-9CD0-766690D3F909}.Release|Win32.Build.0 = Release|Win32
		{5C8AA2B1-1EDC-42FC-9CD0-766690D3F909}.Release|x64.ActiveCfg = Release|Win32
		{5C8AA2B1-1EDC-42FC-9CD0-766690D3F909}.Unicode_Debug|Win32.ActiveCfg = Unicode_Debug|Win32
		{5C8AA2B1-1EDC-42FC-9CD0-766690D3F909}.Unicode_Debug|Win32.Build.0 = Unicode_Debug|Win32
		{5C8AA2B1-1EDC-42FC-9CD0-766690D3F909}.Unicode_Debug|x64.ActiveCfg = Debug|Win32
		{5C8AA2B1-1EDC-42FC-9CD0-766690D3F909}.Unicode_Release|Win32.ActiveCfg = Unicode_Release|Win32
		{5C8AA2B1-1EDC-42FC-9CD0-766690D3F909}.Unicode_Release|Win32.Build.0 = Unicode_Release|Win32
		{5C8AA2B1-1EDC-42FC-9CD0-766690D3F909}.Unicode_Release|x64.ActiveCfg = Release|Win32
		{98BC6841-5418-4258-B882-FBFC51A3EA43}.Debug|Win32.ActiveCfg = Debug|Win32
		{98BC6841-5418-4258-B882-FBFC51A3EA43}.Debug|Win32.Build.0 = Debug|Win32
		{98BC6841-5418-4258-B882-FBFC51A3EA43}.Debug|x64.ActiveCfg = Debug|Win32
		{98BC6841-5418-4258-B882-FBFC51A3EA43}.objchk_win7_x86|Win32.ActiveCfg = Release|Win32
		{98BC6841-5418-4258-B882-FBFC51A3EA43}.objchk_win7_x86|x64.ActiveCfg = Release|Win32
		{98BC6841-5418-4258-B882-FBFC51A3EA43}.objchk_wxp_x86|Win32.ActiveCfg = Release|Win32
		{98BC6841-5418-4258-B882-FBFC51A3EA43}.objchk_wxp_x86|x64.ActiveCfg = Release|Win32
		{98BC6841-5418-4258-B882-FBFC51A3EA43}.objfre_win7_x86|Win32.ActiveCfg = Release|Win32
		{98BC6841-5418-4258-B882-FBFC51A3EA43}.objfre_win7_x86|x64.ActiveCfg = Release|Win32
		{98BC6841-5418-4258-B882-FBFC51A3EA43}.objfre_wxp_x86|Win32.ActiveCfg = Release|Win32
		{98BC6841-5418-4258-B882-FBFC51A3EA43}.objfre_wxp_x86|x64.ActiveCfg = Release|Win32
		{98BC6841-5418-4258-B882-FBFC51A3EA43}.Release|Win32.ActiveCfg = Release|Win32
		{98BC6841-5418-4258-B882-FBFC51A3EA43}.Release|Win32.Build.0 = Release|Win32
		{98BC6841-5418-4258-B882-FBFC51A3EA43}.Release|x64.ActiveCfg = Release|Win32
		{98BC6841-5418-4258-B882-FBFC51A3EA43}.Unicode_Debug|Win32.ActiveCfg = Debug|Win32
		{98BC6841-5418-4258-B882-FBFC51A3EA43}.Unicode_Debug|Win32.Build.0 = Debug|Win32
		{98BC6841-5418-4258-B882-FBFC51A3EA43}.Unicode_Debug|x64.ActiveCfg = Debug|Win32
		{98BC6841-5418-4258-B882-FBFC51A3EA43}.Unicode_Release|Win32.ActiveCfg = Release|Win32
		{98BC6841-5418-4258-B882-FBFC51A3EA43}.Unicode_Release|Win32.Build.0 = Release|Win32
		{98BC6841-5418-4258-B882-FBFC51A3EA43}.Unicode_Release|x64.ActiveCfg = Release|Win32
		{D714B6D8-A87E-4170-A3F5-FA2EE9010560}.Debug|Win32.ActiveCfg = Debug|Win32
		{D714B6D8-A87E-4170-A3F5-FA2EE9010560}.Debug|Win32.Build.0 = Debug|Win32
		{D714B6D8-A87E-4170-A3F5-FA2EE9010560}.Debug|x64.ActiveCfg = Debug|Win32
		{D714B6D8-A87E-4170-A3F5-FA2EE9010560}.objchk_win7_x86|Win32.ActiveCfg = Release|Win32
		{D714B6D8-A87E-4170-A3F5-FA2EE9010560}.objchk_win7_x86|Win32.Build.0 = Release|Win32
		{D714B6D8-A87E-4170-A3F5-FA2EE9010560}.objchk_win7_x86|x64.ActiveCfg = Release|Win32
		{D714B6D8-A87E-4170-A3F5-FA2EE9010560}.objchk_wxp_x86|Win32.ActiveCfg = Release|Win32
		{D714B6D8-A87E-4170-A3F5-FA2EE9010560}.objchk_wxp_x86|Win32.Build.0 = Release|Win32
		{D714B6D8-A87E-4170-A3F5-FA2EE9010560}.objchk_wxp_x86|x64.ActiveCfg = Release|Win32
		{D714B6D8-A87E-4170-A3F5-FA2EE9010560}.objfre_win7_x86|Win32.ActiveCfg = Release|Win32
		{D714B6D8-A87E-4170-A3F5-FA2EE9010560}.objfre_win7_x86|Win32.Build.0 = Release|Win32
		{D714B6D8-A87E-4170-A3F5-FA2EE9010560}.objfre_win7_x86|x64.ActiveCfg = Release|Win32
		{D714B6D8-A87E-4170-A3F5-FA2EE9010560}.objfre_wxp_x86|Win32.ActiveCfg = Release|Win32
		{D714B6D8-A87E-4170-A3F5-FA2EE9010560}.objfre_wxp_x86|Win32.Build.0 = Release|Win32
		{D714B6D8-A87E-4170-A3F5-FA2EE9010560}.objfre_wxp_x86|x64.ActiveCfg = Release|Win32
		{D714B6D8-A87E-4170-A3F5-FA2EE9010560}.Release|Win32.ActiveCfg = Release|Win32
		{D714B6D8-A87E-4170-A3F5-FA2EE9010560}.Release|Win32.Build.0 = Release|Win32
		{D714B6D8-A87E-4170-A3F5-FA2EE9010560}.Release|x64.ActiveCfg = Release|Win32
		{D714B6D8-A87E-4170-A3F5-FA2EE9010560}.Unicode_Debug|Win32.ActiveCfg = Unicode_Debug|Win32
		{D714B6D8-A87E-4170-A3F5-FA2EE9010560}.Unicode_Debug|Win32.Build.0 = Unicode_Debug|Win32
		{D714B6D8-A87E-4170-A3F5-FA2EE9010560}.Unicode_Debug|x64.ActiveCfg = Debug|Win32
		{D714B6D8-A87E-4170-A3F5-FA2EE9010560}.Unicode_Release|Win32.ActiveCfg = Unicode_Release|Win32
		{D714B6D8-A87E-4170-A3F5-FA2EE9010560}.Unicode_Release|Win32.Build.0 = Unicode_Release|Win32
		{D714B6D8-A87E-4170-A3F5-FA2EE9010560}.Unicode_Release|x64.ActiveCfg = Release|Win32
		{8227DE1C-341A-4C90-A1F3-EA12ECBB551F}.Debug|Win32.ActiveCfg = Debug|Win32
		{8227DE1C-341A-4C90-A1F3-EA12ECBB551F}.Debug|Win32.Build.0 = Debug|Win32
		{8227DE1C-341A-4C90-A1F3-EA12ECBB551F}.Debug|x64.ActiveCfg = Debug|Win32
		{8227DE1C-341A-4C90-A1F3-EA12ECBB551F}.objchk_win7_x86|Win32.ActiveCfg = Release|Win32
		{8227DE1C-341A-4C90-A1F3-EA12ECBB551F}.objchk_win7_x86|x64.ActiveCfg = Unicode_Release|Win32
		{8227DE1C-341A-4C90-A1F3-EA12ECBB551F}.objchk_wxp_x86|Win32.ActiveCfg = Release|Win32
		{8227DE1C-341A-4C90-A1F3-EA12ECBB551F}.objchk_wxp_x86|x64.ActiveCfg = Unicode_Release|Win32
		{8227DE1C-341A-4C90-A1F3-EA12ECBB551F}.objfre_win7_x86|Win32.ActiveCfg = Release|Win32
		{8227DE1C-341A-4C90-A1F3-EA12ECBB551F}.objfre_win7_x86|x64.ActiveCfg = Unicode_Release|Win32
		{8227DE1C-341A-4C90-A1F3-EA12ECBB551F}.objfre_wxp_x86|Win32.ActiveCfg = Release|Win32
		{8227DE1C-341A-4C90-A1F3-EA12ECBB551F}.objfre_wxp_x86|x64.ActiveCfg = Unicode_Release|Win32
		{8227DE1C-341A-4C90-A1F3-EA12ECBB551F}.Release|Win32.ActiveCfg = Release|Win32
		{8227DE1C-341A-4C90-A1F3-EA12ECBB551F}.Release|Win32.Build.0 = Release|Win32
		{8227DE1C-341A-4C90-A1F3-EA12ECBB551F}.Release|x64.ActiveCfg = Release|Win32
		{8227DE1C-341A-4C90-A1F3-EA12ECBB551F}.Unicode_Debug|Win32.ActiveCfg = Unicode_Debug|Win32
		{8227DE1C-341A-4C90-A1F3-EA12ECBB551F}.Unicode_Debug|Win32.Build.0 = Unicode_Debug|Win32
		{8227DE1C-341A-4C90-A1F3-EA12ECBB551F}.Unicode_Debug|x64.ActiveCfg = Debug|Win32
		{8227DE1C-341A-4C90-A1F3-EA12ECBB551F}.Unicode_Release|Win32.ActiveCfg = Unicode_Release|Win32
		{8227DE1C-341A-4C90-A1F3-EA12ECBB551F}.Unicode_Release|Win32.Build.0 = Unicode_Release|Win32
		{8227DE1C-341A-4C90-A1F3-EA12ECBB551F}.Unicode_Release|x64.ActiveCfg = Release|Win32
		{98CB7BD3-E5B2-4936-8CD1-336BB859005B}.Debug|Win32.ActiveCfg = objchk_win7_x86|Win32
		{98CB7BD3-E5B2-4936-8CD1-336BB859005B}.Debug|Win32.Build.0 = objchk_win7_x86|Win32
		{98CB7BD3-E5B2-4936-8CD1-336BB859005B}.Debug|x64.ActiveCfg = objchk_win7_x86|Win32
		{98CB7BD3-E5B2-4936-8CD1-336BB859005B}.objchk_win7_x86|Win32.ActiveCfg = objchk_win7_x86|Win32
		{98CB7BD3-E5B2-4936-8CD1-336BB859005B}.objchk_win7_x86|Win32.Build.0 = objchk_win7_x86|Win32
		{98CB7BD3-E5B2-4936-8CD1-336BB859005B}.objchk_win7_x86|x64.ActiveCfg = objchk_win7_x86|Win32
		{98CB7BD3-E5B2-4936-8CD1-336BB859005B}.objchk_wxp_x86|Win32.ActiveCfg = objchk_wxp_x86|Win32
		{98CB7BD3-E5B2-4936-8CD1-336BB859005B}.objchk_wxp_x86|Win32.Build.0 = objchk_wxp_x86|Win32
		{98CB7BD3-E5B2-4936-8CD1-336BB859005B}.objchk_wxp_x86|x64.ActiveCfg = objchk_wxp_x86|Win32
		{98CB7BD3-E5B2-4936-8CD1-336BB859005B}.objfre_win7_x86|Win32.ActiveCfg = objfre_win7_x86|Win32
		{98CB7BD3-E5B2-4936-8CD1-336BB859005B}.objfre_win7_x86|Win32.Build.0 = objfre_win7_x86|Win32
		{98CB7BD3-E5B2-4936-8CD1-336BB859005B}.objfre_win7_x86|x64.ActiveCfg = objfre_win7_x86|Win32
		{98CB7BD3-E5B2-4936-8CD1-336BB859005B}.objfre_wxp_x86|Win32.ActiveCfg = objfre_wxp_x86|Win32
		{98CB7BD3-E5B2-4936-8CD1-336BB859005B}.objfre_wxp_x86|Win32.Build.0 = objfre_wxp_x86|Win32
		{98CB7BD3-E5B2-4936-8CD1-336BB859005B}.objfre_wxp_x86|x64.ActiveCfg = objfre_wxp_x86|Win32
		{98CB7BD3-E5B2-4936-8CD1-336BB859005B}.Release|Win32.ActiveCfg = objfre_win7_x86|Win32
		{98CB7BD3-E5B2-4936-8CD1-336BB859005B}.Release|Win32.Build.0 = objfre_win7_x86|Win32
		{98CB7BD3-E5B2-4936-8CD1-336BB859005B}.Release|x64.ActiveCfg = objchk_win7_x86|Win32
		{98CB7BD3-E5B2-4936-8CD1-336BB859005B}.Unicode_Debug|Win32.ActiveCfg = objchk_win7_x86|Win32
		{98CB7BD3-E5B2-4936-8CD1-336BB859005B}.Unicode_Debug|x64.ActiveCfg = objchk_win7_x86|Win32
		{98CB7BD3-E5B2-4936-8CD1-336BB859005B}.Unicode_Release|Win32.ActiveCfg = objfre_win7_x86|Win32
		{98CB7BD3-E5B2-4936-8CD1-336BB859005B}.Unicode_Release|x64.ActiveCfg = objchk_win7_x86|Win32
		{2CAEB7D9-69AC-4A86-B132-D629D0DB5960}.Debug|Win32.ActiveCfg = Debug|Win32
		{2CAEB7D9-69AC-4A86-B132-D629D0DB5960}.Debug|Win32.Build.0 = Debug|Win32
		{2CAEB7D9-69AC-4A86-B132-D629D0DB5960}.Debug|x64.ActiveCfg = Debug|Win32
		{2CAEB7D9-69AC-4A86-B132-D629D0DB5960}.objchk_win7_x86|Win32.ActiveCfg = Release|Win32
		{2CAEB7D9-69AC-4A86-B132-D629D0DB5960}.objchk_win7_x86|Win32.Build.0 = Release|Win32
		{2CAEB7D9-69AC-4A86-B132-D629D0DB5960}.objchk_win7_x86|x64.ActiveCfg = Release|Win32
		{2CAEB7D9-69AC-4A86-B132-D629D0DB5960}.objchk_wxp_x86|Win32.ActiveCfg = Release|Win32
		{2CAEB7D9-69AC-4A86-B132-D629D0DB5960}.objchk_wxp_x86|Win32.Build.0 = Release|Win32
		{2CAEB7D9-69AC-4A86-B132-D629D0DB5960}.objchk_wxp_x86|x64.ActiveCfg = Release|Win32
		{2CAEB7D9-69AC-4A86-B132-D629D0DB5960}.objfre_win7_x86|Win32.ActiveCfg = Release|Win32
		{2CAEB7D9-69AC-4A86-B132-D629D0DB5960}.objfre_win7_x86|Win32.Build.0 = Release|Win32
		{2CAEB7D9-69AC-4A86-B132-D629D0DB5960}.objfre_win7_x86|x64.ActiveCfg = Release|Win32
		{2CAEB7D9-69AC-4A86-B132-D629D0DB5960}.objfre_wxp_x86|Win32.ActiveCfg = Release|Win32
		{2CAEB7D9-69AC-4A86-B132-D629D0DB5960}.objfre_wxp_x86|Win32.Build.0 = Release|Win32
		{2CAEB7D9-69AC-4A86-B132-D629D0DB5960}.objfre_wxp_x86|x64.ActiveCfg = Release|Win32
		{2CAEB7D9-69AC-4A86-B132-D629D0DB5960}.Release|Win32.ActiveCfg = Release|Win32
		{2CAEB7D9-69AC-4A86-B132-D629D0DB5960}.Release|Win32.Build.0 = Release|Win32
		{2CAEB7D9-69AC-4A86-B132-D629D0DB5960}.Release|x64.ActiveCfg = Release|Win32
		{2CAEB7D9-69AC-4A86-B132-D629D0DB5960}.Unicode_Debug|Win32.ActiveCfg = Debug|Win32
		{2CAEB7D9-69AC-4A86-B132-D629D0DB5960}.Unicode_Debug|Win32.Build.0 = Debug|Win32
		{2CAEB7D9-69AC-4A86-B132-D629D0DB5960}.Unicode_Debug|x64.ActiveCfg = Debug|Win32
		{2CAEB7D9-69AC-4A86-B132-D629D0DB5960}.Unicode_Release|Win32.ActiveCfg = Release|Win32
		{2CAEB7D9-69AC-4A86-B132-D629D0DB5960}.Unicode_Release|Win32.Build.0 = Release|Win32
		{2CAEB7D9-69AC-4A86-B132-D629D0DB5960}.Unicode_Release|x64.ActiveCfg = Release|Win32
	EndGlobalSection
	GlobalSection(SolutionProperties) = preSolution
		HideSolutionNode = FALSE
	EndGlobalSection
	GlobalSection(NestedProjects) = preSolution
		{732F9E77-8408-4AB3-B55F-1E4690B97B0D} = {8D3C498E-F8DD-4E03-A412-EEE59D6F786F}
		{F4BA34D9-F264-4022-84B8-9FEEA1F36BAB} = {8D3C498E-F8DD-4E03-A412-EEE59D6F786F}
		{0B095544-0F86-4C09-9F79-36D1BA07612A} = {8D3C498E-F8DD-4E03-A412-EEE59D6F786F}
		{5C8AA2B1-1EDC-42FC-9CD0-766690D3F909} = {8D3C498E-F8DD-4E03-A412-EEE59D6F786F}
		{98BC6841-5418-4258-B882-FBFC51A3EA43} = {8D3C498E-F8DD-4E03-A412-EEE59D6F786F}
		{D714B6D8-A87E-4170-A3F5-FA2EE9010560} = {8D3C498E-F8DD-4E03-A412-EEE59D6F786F}
		{9DF443FB-9EC0-4511-9262-D9AE2C74F5DD} = {8D3C498E-F8DD-4E03-A412-EEE59D6F786F}
		{8227DE1C-341A-4C90-A1F3-EA12ECBB551F} = {50301911-3F41-4C5F-A816-952CA5617CC7}
		{98CB7BD3-E5B2-4936-8CD1-336BB859005B} = {50301911-3F41-4C5F-A816-952CA5617CC7}
		{2CAEB7D9-69AC-4A86-B132-D629D0DB5960} = {E5C3D00A-4194-41BA-9B25-32E55596962D}
	EndGlobalSection
EndGlobal
